
Microsoft Visual Studio Solution File, Format Version 12.00
# Visual Studio 15
VisualStudioVersion = 15.0.26430.6
MinimumVisualStudioVersion = 10.0.40219.1
Project("{FAE04EC0-301F-11D3-BF4B-00C04F79EFBC}") = "PrimeFactorsTests", "UnitTestProject1\PrimeFactorsTests.csproj", "{4A24C6A1-83E9-421B-9386-BFC8DB384F65}"
EndProject
Project("{FAE04EC0-301F-11D3-BF4B-00C04F79EFBC}") = "PrimeFactors", "PrimeFactors\PrimeFactors.csproj", "{F128800C-ED9C-42C3-8522-A51E2C52D297}"
EndProject
Global
	GlobalSection(SolutionConfigurationPlatforms) = preSolution
		Debug|Any CPU = Debug|Any CPU
		Release|Any CPU = Release|Any CPU
	EndGlobalSection
	GlobalSection(ProjectConfigurationPlatforms) = postSolution
		{4A24C6A1-83E9-421B-9386-BFC8DB384F65}.Debug|Any CPU.ActiveCfg = Debug|Any CPU
		{4A24C6A1-83E9-421B-9386-BFC8DB384F65}.Debug|Any CPU.Build.0 = Debug|Any CPU
		{4A24C6A1-83E9-421B-9386-BFC8DB384F65}.Release|Any CPU.ActiveCfg = Release|Any CPU
		{4A24C6A1-83E9-421B-9386-BFC8DB384F65}.Release|Any CPU.Build.0 = Release|Any CPU
		{F128800C-ED9C-42C3-8522-A51E2C52D297}.Debug|Any CPU.ActiveCfg = Debug|Any CPU
		{F128800C-ED9C-42C3-8522-A51E2C52D297}.Debug|Any CPU.Build.0 = Debug|Any CPU
		{F128800C-ED9C-42C3-8522-A51E2C52D297}.Release|Any CPU.ActiveCfg = Release|Any CPU
		{F128800C-ED9C-42C3-8522-A51E2C52D297}.Release|Any CPU.Build.0 = Release|Any CPU
	EndGlobalSection
	GlobalSection(SolutionProperties) = preSolution
		HideSolutionNode = FALSE
	EndGlobalSection
EndGlobal
